
Microsoft Visual Studio Solution File, Format Version 12.00
# Visual Studio Version 17
VisualStudioVersion = 17.3.32901.215
MinimumVisualStudioVersion = 10.0.40219.1
Project("{FAE04EC0-301F-11D3-BF4B-00C04F79EFBC}") = "TurnBasedRPG", "TurnBasedRPG\TurnBasedRPG.csproj", "{590B6E9B-DF4B-4527-8D07-5289C2A5B00D}"
EndProject
Global
	GlobalSection(SolutionConfigurationPlatforms) = preSolution
		Debug|Any CPU = Debug|Any CPU
		Release|Any CPU = Release|Any CPU
	EndGlobalSection
	GlobalSection(ProjectConfigurationPlatforms) = postSolution
		{590B6E9B-DF4B-4527-8D07-5289C2A5B00D}.Debug|Any CPU.ActiveCfg = Debug|Any CPU
		{590B6E9B-DF4B-4527-8D07-5289C2A5B00D}.Debug|Any CPU.Build.0 = Debug|Any CPU
		{590B6E9B-DF4B-4527-8D07-5289C2A5B00D}.Release|Any CPU.ActiveCfg = Release|Any CPU
		{590B6E9B-DF4B-4527-8D07-5289C2A5B00D}.Release|Any CPU.Build.0 = Release|Any CPU
	EndGlobalSection
	GlobalSection(SolutionProperties) = preSolution
		HideSolutionNode = FALSE
	EndGlobalSection
	GlobalSection(ExtensibilityGlobals) = postSolution
		SolutionGuid = {11418BEF-F8FB-40FD-99B4-A33C65E8B783}
	EndGlobalSection
EndGlobal
